
Microsoft Visual Studio Solution File, Format Version 12.00
# Visual Studio 15
VisualStudioVersion = 15.0.28307.271
MinimumVisualStudioVersion = 10.0.40219.1
Project("{FAE04EC0-301F-11D3-BF4B-00C04F79EFBC}") = "HPlusSports.Android", "HPlusSports\HPlusSports.Android\HPlusSports.Android.csproj", "{4E7CE385-19AD-450E-9D8A-1391F690CA31}"
EndProject
Project("{FAE04EC0-301F-11D3-BF4B-00C04F79EFBC}") = "HPlusSports.iOS", "HPlusSports\HPlusSports.iOS\HPlusSports.iOS.csproj", "{2650E909-4ECC-4097-9BC5-625AF6349F58}"
EndProject
Project("{9A19103F-16F7-4668-BE54-9A1E7A4F7556}") = "HPlusSports", "HPlusSports\HPlusSports\HPlusSports.csproj", "{815C0592-564E-4D73-ADB7-3E66BCB97DDB}"
EndProject
Global
	GlobalSection(SolutionConfigurationPlatforms) = preSolution
		Ad-Hoc|Any CPU = Ad-Hoc|Any CPU
		Ad-Hoc|ARM = Ad-Hoc|ARM
		Ad-Hoc|iPhone = Ad-Hoc|iPhone
		Ad-Hoc|iPhoneSimulator = Ad-Hoc|iPhoneSimulator
		Ad-Hoc|x64 = Ad-Hoc|x64
		Ad-Hoc|x86 = Ad-Hoc|x86
		AppStore|Any CPU = AppStore|Any CPU
		AppStore|ARM = AppStore|ARM
		AppStore|iPhone = AppStore|iPhone
		AppStore|iPhoneSimulator = AppStore|iPhoneSimulator
		AppStore|x64 = AppStore|x64
		AppStore|x86 = AppStore|x86
		Debug|Any CPU = Debug|Any CPU
		Debug|ARM = Debug|ARM
		Debug|iPhone = Debug|iPhone
		Debug|iPhoneSimulator = Debug|iPhoneSimulator
		Debug|x64 = Debug|x64
		Debug|x86 = Debug|x86
		Release|Any CPU = Release|Any CPU
		Release|ARM = Release|ARM
		Release|iPhone = Release|iPhone
		Release|iPhoneSimulator = Release|iPhoneSimulator
		Release|x64 = Release|x64
		Release|x86 = Release|x86
	EndGlobalSection
	GlobalSection(ProjectConfigurationPlatforms) = postSolution
		{4E7CE385-19AD-450E-9D8A-1391F690CA31}.Ad-Hoc|Any CPU.ActiveCfg = Release|Any CPU
		{4E7CE385-19AD-450E-9D8A-1391F690CA31}.Ad-Hoc|Any CPU.Build.0 = Release|Any CPU
		{4E7CE385-19AD-450E-9D8A-1391F690CA31}.Ad-Hoc|Any CPU.Deploy.0 = Release|Any CPU
		{4E7CE385-19AD-450E-9D8A-1391F690CA31}.Ad-Hoc|ARM.ActiveCfg = Release|Any CPU
		{4E7CE385-19AD-450E-9D8A-1391F690CA31}.Ad-Hoc|ARM.Build.0 = Release|Any CPU
		{4E7CE385-19AD-450E-9D8A-1391F690CA31}.Ad-Hoc|ARM.Deploy.0 = Release|Any CPU
		{4E7CE385-19AD-450E-9D8A-1391F690CA31}.Ad-Hoc|iPhone.ActiveCfg = Release|Any CPU
		{4E7CE385-19AD-450E-9D8A-1391F690CA31}.Ad-Hoc|iPhone.Build.0 = Release|Any CPU
		{4E7CE385-19AD-450E-9D8A-1391F690CA31}.Ad-Hoc|iPhone.Deploy.0 = Release|Any CPU
		{4E7CE385-19AD-450E-9D8A-1391F690CA31}.Ad-Hoc|iPhoneSimulator.ActiveCfg = Release|Any CPU
		{4E7CE385-19AD-450E-9D8A-1391F690CA31}.Ad-Hoc|iPhoneSimulator.Build.0 = Release|Any CPU
		{4E7CE385-19AD-450E-9D8A-1391F690CA31}.Ad-Hoc|iPhoneSimulator.Deploy.0 = Release|Any CPU
		{4E7CE385-19AD-450E-9D8A-1391F690CA31}.Ad-Hoc|x64.ActiveCfg = Release|Any CPU
		{4E7CE385-19AD-450E-9D8A-1391F690CA31}.Ad-Hoc|x64.Build.0 = Release|Any CPU
		{4E7CE385-19AD-450E-9D8A-1391F690CA31}.Ad-Hoc|x64.Deploy.0 = Release|Any CPU
		{4E7CE385-19AD-450E-9D8A-1391F690CA31}.Ad-Hoc|x86.ActiveCfg = Release|Any CPU
		{4E7CE385-19AD-450E-9D8A-1391F690CA31}.Ad-Hoc|x86.Build.0 = Release|Any CPU
		{4E7CE385-19AD-450E-9D8A-1391F690CA31}.Ad-Hoc|x86.Deploy.0 = Release|Any CPU
		{4E7CE385-19AD-450E-9D8A-1391F690CA31}.AppStore|Any CPU.ActiveCfg = Release|Any CPU
		{4E7CE385-19AD-450E-9D8A-1391F690CA31}.AppStore|Any CPU.Build.0 = Release|Any CPU
		{4E7CE385-19AD-450E-9D8A-1391F690CA31}.AppStore|Any CPU.Deploy.0 = Release|Any CPU
		{4E7CE385-19AD-450E-9D8A-1391F690CA31}.AppStore|ARM.ActiveCfg = Release|Any CPU
		{4E7CE385-19AD-450E-9D8A-1391F690CA31}.AppStore|ARM.Build.0 = Release|Any CPU
		{4E7CE385-19AD-450E-9D8A-1391F690CA31}.AppStore|ARM.Deploy.0 = Release|Any CPU
		{4E7CE385-19AD-450E-9D8A-1391F690CA31}.AppStore|iPhone.ActiveCfg = Release|Any CPU
		{4E7CE385-19AD-450E-9D8A-1391F690CA31}.AppStore|iPhone.Build.0 = Release|Any CPU
		{4E7CE385-19AD-450E-9D8A-1391F690CA31}.AppStore|iPhone.Deploy.0 = Release|Any CPU
		{4E7CE385-19AD-450E-9D8A-1391F690CA31}.AppStore|iPhoneSimulator.ActiveCfg = Release|Any CPU
		{4E7CE385-19AD-450E-9D8A-1391F690CA31}.AppStore|iPhoneSimulator.Build.0 = Release|Any CPU
		{4E7CE385-19AD-450E-9D8A-1391F690CA31}.AppStore|iPhoneSimulator.Deploy.0 = Release|Any CPU
		{4E7CE385-19AD-450E-9D8A-1391F690CA31}.AppStore|x64.ActiveCfg = Release|Any CPU
		{4E7CE385-19AD-450E-9D8A-1391F690CA31}.AppStore|x64.Build.0 = Release|Any CPU
		{4E7CE385-19AD-450E-9D8A-1391F690CA31}.AppStore|x64.Deploy.0 = Release|Any CPU
		{4E7CE385-19AD-450E-9D8A-1391F690CA31}.AppStore|x86.ActiveCfg = Release|Any CPU
		{4E7CE385-19AD-450E-9D8A-1391F690CA31}.AppStore|x86.Build.0 = Release|Any CPU
		{4E7CE385-19AD-450E-9D8A-1391F690CA31}.AppStore|x86.Deploy.0 = Release|Any CPU
		{4E7CE385-19AD-450E-9D8A-1391F690CA31}.Debug|Any CPU.ActiveCfg = Debug|Any CPU
		{4E7CE385-19AD-450E-9D8A-1391F690CA31}.Debug|Any CPU.Build.0 = Debug|Any CPU
		{4E7CE385-19AD-450E-9D8A-1391F690CA31}.Debug|Any CPU.Deploy.0 = Debug|Any CPU
		{4E7CE385-19AD-450E-9D8A-1391F690CA31}.Debug|ARM.ActiveCfg = Debug|Any CPU
		{4E7CE385-19AD-450E-9D8A-1391F690CA31}.Debug|ARM.Build.0 = Debug|Any CPU
		{4E7CE385-19AD-450E-9D8A-1391F690CA31}.Debug|ARM.Deploy.0 = Debug|Any CPU
		{4E7CE385-19AD-450E-9D8A-1391F690CA31}.Debug|iPhone.ActiveCfg = Debug|Any CPU
		{4E7CE385-19AD-450E-9D8A-1391F690CA31}.Debug|iPhone.Build.0 = Debug|Any CPU
		{4E7CE385-19AD-450E-9D8A-1391F690CA31}.Debug|iPhone.Deploy.0 = Debug|Any CPU
		{4E7CE385-19AD-450E-9D8A-1391F690CA31}.Debug|iPhoneSimulator.ActiveCfg = Debug|Any CPU
		{4E7CE385-19AD-450E-9D8A-1391F690CA31}.Debug|iPhoneSimulator.Build.0 = Debug|Any CPU
		{4E7CE385-19AD-450E-9D8A-1391F690CA31}.Debug|iPhoneSimulator.Deploy.0 = Debug|Any CPU
		{4E7CE385-19AD-450E-9D8A-1391F690CA31}.Debug|x64.ActiveCfg = Debug|Any CPU
		{4E7CE385-19AD-450E-9D8A-1391F690CA31}.Debug|x64.Build.0 = Debug|Any CPU
		{4E7CE385-19AD-450E-9D8A-1391F690CA31}.Debug|x64.Deploy.0 = Debug|Any CPU
		{4E7CE385-19AD-450E-9D8A-1391F690CA31}.Debug|x86.ActiveCfg = Debug|Any CPU
		{4E7CE385-19AD-450E-9D8A-1391F690CA31}.Debug|x86.Build.0 = Debug|Any CPU
		{4E7CE385-19AD-450E-9D8A-1391F690CA31}.Debug|x86.Deploy.0 = Debug|Any CPU
		{4E7CE385-19AD-450E-9D8A-1391F690CA31}.Release|Any CPU.ActiveCfg = Release|Any CPU
		{4E7CE385-19AD-450E-9D8A-1391F690CA31}.Release|Any CPU.Build.0 = Release|Any CPU
		{4E7CE385-19AD-450E-9D8A-1391F690CA31}.Release|Any CPU.Deploy.0 = Release|Any CPU
		{4E7CE385-19AD-450E-9D8A-1391F690CA31}.Release|ARM.ActiveCfg = Release|Any CPU
		{4E7CE385-19AD-450E-9D8A-1391F690CA31}.Release|ARM.Build.0 = Release|Any CPU
		{4E7CE385-19AD-450E-9D8A-1391F690CA31}.Release|ARM.Deploy.0 = Release|Any CPU
		{4E7CE385-19AD-450E-9D8A-1391F690CA31}.Release|iPhone.ActiveCfg = Release|Any CPU
		{4E7CE385-19AD-450E-9D8A-1391F690CA31}.Release|iPhone.Build.0 = Release|Any CPU
		{4E7CE385-19AD-450E-9D8A-1391F690CA31}.Release|iPhone.Deploy.0 = Release|Any CPU
		{4E7CE385-19AD-450E-9D8A-1391F690CA31}.Release|iPhoneSimulator.ActiveCfg = Release|Any CPU
		{4E7CE385-19AD-450E-9D8A-1391F690CA31}.Release|iPhoneSimulator.Build.0 = Release|Any CPU
		{4E7CE385-19AD-450E-9D8A-1391F690CA31}.Release|iPhoneSimulator.Deploy.0 = Release|Any CPU
		{4E7CE385-19AD-450E-9D8A-1391F690CA31}.Release|x64.ActiveCfg = Release|Any CPU
		{4E7CE385-19AD-450E-9D8A-1391F690CA31}.Release|x64.Build.0 = Release|Any CPU
		{4E7CE385-19AD-450E-9D8A-1391F690CA31}.Release|x64.Deploy.0 = Release|Any CPU
		{4E7CE385-19AD-450E-9D8A-1391F690CA31}.Release|x86.ActiveCfg = Release|Any CPU
		{4E7CE385-19AD-450E-9D8A-1391F690CA31}.Release|x86.Build.0 = Release|Any CPU
		{4E7CE385-19AD-450E-9D8A-1391F690CA31}.Release|x86.Deploy.0 = Release|Any CPU
		{2650E909-4ECC-4097-9BC5-625AF6349F58}.Ad-Hoc|Any CPU.ActiveCfg = Ad-Hoc|iPhone
		{2650E909-4ECC-4097-9BC5-625AF6349F58}.Ad-Hoc|Any CPU.Build.0 = Ad-Hoc|iPhone
		{2650E909-4ECC-4097-9BC5-625AF6349F58}.Ad-Hoc|Any CPU.Deploy.0 = Ad-Hoc|iPhone
		{2650E909-4ECC-4097-9BC5-625AF6349F58}.Ad-Hoc|ARM.ActiveCfg = Ad-Hoc|iPhone
		{2650E909-4ECC-4097-9BC5-625AF6349F58}.Ad-Hoc|ARM.Build.0 = Ad-Hoc|iPhone
		{2650E909-4ECC-4097-9BC5-625AF6349F58}.Ad-Hoc|ARM.Deploy.0 = Ad-Hoc|iPhone
		{2650E909-4ECC-4097-9BC5-625AF6349F58}.Ad-Hoc|iPhone.ActiveCfg = Ad-Hoc|iPhone
		{2650E909-4ECC-4097-9BC5-625AF6349F58}.Ad-Hoc|iPhone.Build.0 = Ad-Hoc|iPhone
		{2650E909-4ECC-4097-9BC5-625AF6349F58}.Ad-Hoc|iPhone.Deploy.0 = Ad-Hoc|iPhone
		{2650E909-4ECC-4097-9BC5-625AF6349F58}.Ad-Hoc|iPhoneSimulator.ActiveCfg = Ad-Hoc|iPhoneSimulator
		{2650E909-4ECC-4097-9BC5-625AF6349F58}.Ad-Hoc|iPhoneSimulator.Build.0 = Ad-Hoc|iPhoneSimulator
		{2650E909-4ECC-4097-9BC5-625AF6349F58}.Ad-Hoc|iPhoneSimulator.Deploy.0 = Ad-Hoc|iPhoneSimulator
		{2650E909-4ECC-4097-9BC5-625AF6349F58}.Ad-Hoc|x64.ActiveCfg = Ad-Hoc|iPhone
		{2650E909-4ECC-4097-9BC5-625AF6349F58}.Ad-Hoc|x64.Build.0 = Ad-Hoc|iPhone
		{2650E909-4ECC-4097-9BC5-625AF6349F58}.Ad-Hoc|x64.Deploy.0 = Ad-Hoc|iPhone
		{2650E909-4ECC-4097-9BC5-625AF6349F58}.Ad-Hoc|x86.ActiveCfg = Ad-Hoc|iPhone
		{2650E909-4ECC-4097-9BC5-625AF6349F58}.Ad-Hoc|x86.Build.0 = Ad-Hoc|iPhone
		{2650E909-4ECC-4097-9BC5-625AF6349F58}.Ad-Hoc|x86.Deploy.0 = Ad-Hoc|iPhone
		{2650E909-4ECC-4097-9BC5-625AF6349F58}.AppStore|Any CPU.ActiveCfg = AppStore|iPhone
		{2650E909-4ECC-4097-9BC5-625AF6349F58}.AppStore|Any CPU.Build.0 = AppStore|iPhone
		{2650E909-4ECC-4097-9BC5-625AF6349F58}.AppStore|Any CPU.Deploy.0 = AppStore|iPhone
		{2650E909-4ECC-4097-9BC5-625AF6349F58}.AppStore|ARM.ActiveCfg = AppStore|iPhone
		{2650E909-4ECC-4097-9BC5-625AF6349F58}.AppStore|ARM.Build.0 = AppStore|iPhone
		{2650E909-4ECC-4097-9BC5-625AF6349F58}.AppStore|ARM.Deploy.0 = AppStore|iPhone
		{2650E909-4ECC-4097-9BC5-625AF6349F58}.AppStore|iPhone.ActiveCfg = AppStore|iPhone
		{2650E909-4ECC-4097-9BC5-625AF6349F58}.AppStore|iPhone.Build.0 = AppStore|iPhone
		{2650E909-4ECC-4097-9BC5-625AF6349F58}.AppStore|iPhone.Deploy.0 = AppStore|iPhone
		{2650E909-4ECC-4097-9BC5-625AF6349F58}.AppStore|iPhoneSimulator.ActiveCfg = AppStore|iPhoneSimulator
		{2650E909-4ECC-4097-9BC5-625AF6349F58}.AppStore|iPhoneSimulator.Build.0 = AppStore|iPhoneSimulator
		{2650E909-4ECC-4097-9BC5-625AF6349F58}.AppStore|iPhoneSimulator.Deploy.0 = AppStore|iPhoneSimulator
		{2650E909-4ECC-4097-9BC5-625AF6349F58}.AppStore|x64.ActiveCfg = AppStore|iPhone
		{2650E909-4ECC-4097-9BC5-625AF6349F58}.AppStore|x64.Build.0 = AppStore|iPhone
		{2650E909-4ECC-4097-9BC5-625AF6349F58}.AppStore|x64.Deploy.0 = AppStore|iPhone
		{2650E909-4ECC-4097-9BC5-625AF6349F58}.AppStore|x86.ActiveCfg = AppStore|iPhone
		{2650E909-4ECC-4097-9BC5-625AF6349F58}.AppStore|x86.Build.0 = AppStore|iPhone
		{2650E909-4ECC-4097-9BC5-625AF6349F58}.AppStore|x86.Deploy.0 = AppStore|iPhone
		{2650E909-4ECC-4097-9BC5-625AF6349F58}.Debug|Any CPU.ActiveCfg = Debug|iPhoneSimulator
		{2650E909-4ECC-4097-9BC5-625AF6349F58}.Debug|Any CPU.Build.0 = Debug|iPhoneSimulator
		{2650E909-4ECC-4097-9BC5-625AF6349F58}.Debug|Any CPU.Deploy.0 = Debug|iPhoneSimulator
		{2650E909-4ECC-4097-9BC5-625AF6349F58}.Debug|ARM.ActiveCfg = Debug|iPhone
		{2650E909-4ECC-4097-9BC5-625AF6349F58}.Debug|ARM.Build.0 = Debug|iPhone
		{2650E909-4ECC-4097-9BC5-625AF6349F58}.Debug|ARM.Deploy.0 = Debug|iPhone
		{2650E909-4ECC-4097-9BC5-625AF6349F58}.Debug|iPhone.ActiveCfg = Debug|iPhone
		{2650E909-4ECC-4097-9BC5-625AF6349F58}.Debug|iPhone.Build.0 = Debug|iPhone
		{2650E909-4ECC-4097-9BC5-625AF6349F58}.Debug|iPhone.Deploy.0 = Debug|iPhone
		{2650E909-4ECC-4097-9BC5-625AF6349F58}.Debug|iPhoneSimulator.ActiveCfg = Debug|iPhoneSimulator
		{2650E909-4ECC-4097-9BC5-625AF6349F58}.Debug|iPhoneSimulator.Build.0 = Debug|iPhoneSimulator
		{2650E909-4ECC-4097-9BC5-625AF6349F58}.Debug|iPhoneSimulator.Deploy.0 = Debug|iPhoneSimulator
		{2650E909-4ECC-4097-9BC5-625AF6349F58}.Debug|x64.ActiveCfg = Debug|iPhone
		{2650E909-4ECC-4097-9BC5-625AF6349F58}.Debug|x64.Build.0 = Debug|iPhone
		{2650E909-4ECC-4097-9BC5-625AF6349F58}.Debug|x64.Deploy.0 = Debug|iPhone
		{2650E909-4ECC-4097-9BC5-625AF6349F58}.Debug|x86.ActiveCfg = Debug|iPhone
		{2650E909-4ECC-4097-9BC5-625AF6349F58}.Debug|x86.Build.0 = Debug|iPhone
		{2650E909-4ECC-4097-9BC5-625AF6349F58}.Debug|x86.Deploy.0 = Debug|iPhone
		{2650E909-4ECC-4097-9BC5-625AF6349F58}.Release|Any CPU.ActiveCfg = Release|iPhone
		{2650E909-4ECC-4097-9BC5-625AF6349F58}.Release|Any CPU.Build.0 = Release|iPhone
		{2650E909-4ECC-4097-9BC5-625AF6349F58}.Release|Any CPU.Deploy.0 = Release|iPhone
		{2650E909-4ECC-4097-9BC5-625AF6349F58}.Release|ARM.ActiveCfg = Release|iPhone
		{2650E909-4ECC-4097-9BC5-625AF6349F58}.Release|ARM.Build.0 = Release|iPhone
		{2650E909-4ECC-4097-9BC5-625AF6349F58}.Release|ARM.Deploy.0 = Release|iPhone
		{2650E909-4ECC-4097-9BC5-625AF6349F58}.Release|iPhone.ActiveCfg = Release|iPhone
		{2650E909-4ECC-4097-9BC5-625AF6349F58}.Release|iPhone.Build.0 = Release|iPhone
		{2650E909-4ECC-4097-9BC5-625AF6349F58}.Release|iPhone.Deploy.0 = Release|iPhone
		{2650E909-4ECC-4097-9BC5-625AF6349F58}.Release|iPhoneSimulator.ActiveCfg = Release|iPhoneSimulator
		{2650E909-4ECC-4097-9BC5-625AF6349F58}.Release|iPhoneSimulator.Build.0 = Release|iPhoneSimulator
		{2650E909-4ECC-4097-9BC5-625AF6349F58}.Release|iPhoneSimulator.Deploy.0 = Release|iPhoneSimulator
		{2650E909-4ECC-4097-9BC5-625AF6349F58}.Release|x64.ActiveCfg = Release|iPhone
		{2650E909-4ECC-4097-9BC5-625AF6349F58}.Release|x64.Build.0 = Release|iPhone
		{2650E909-4ECC-4097-9BC5-625AF6349F58}.Release|x64.Deploy.0 = Release|iPhone
		{2650E909-4ECC-4097-9BC5-625AF6349F58}.Release|x86.ActiveCfg = Release|iPhone
		{2650E909-4ECC-4097-9BC5-625AF6349F58}.Release|x86.Build.0 = Release|iPhone
		{2650E909-4ECC-4097-9BC5-625AF6349F58}.Release|x86.Deploy.0 = Release|iPhone
		{815C0592-564E-4D73-ADB7-3E66BCB97DDB}.Ad-Hoc|Any CPU.ActiveCfg = Debug|Any CPU
		{815C0592-564E-4D73-ADB7-3E66BCB97DDB}.Ad-Hoc|Any CPU.Build.0 = Debug|Any CPU
		{815C0592-564E-4D73-ADB7-3E66BCB97DDB}.Ad-Hoc|Any CPU.Deploy.0 = Debug|Any CPU
		{815C0592-564E-4D73-ADB7-3E66BCB97DDB}.Ad-Hoc|ARM.ActiveCfg = Debug|Any CPU
		{815C0592-564E-4D73-ADB7-3E66BCB97DDB}.Ad-Hoc|ARM.Build.0 = Debug|Any CPU
		{815C0592-564E-4D73-ADB7-3E66BCB97DDB}.Ad-Hoc|ARM.Deploy.0 = Debug|Any CPU
		{815C0592-564E-4D73-ADB7-3E66BCB97DDB}.Ad-Hoc|iPhone.ActiveCfg = Debug|Any CPU
		{815C0592-564E-4D73-ADB7-3E66BCB97DDB}.Ad-Hoc|iPhone.Build.0 = Debug|Any CPU
		{815C0592-564E-4D73-ADB7-3E66BCB97DDB}.Ad-Hoc|iPhone.Deploy.0 = Debug|Any CPU
		{815C0592-564E-4D73-ADB7-3E66BCB97DDB}.Ad-Hoc|iPhoneSimulator.ActiveCfg = Debug|Any CPU
		{815C0592-564E-4D73-ADB7-3E66BCB97DDB}.Ad-Hoc|iPhoneSimulator.Build.0 = Debug|Any CPU
		{815C0592-564E-4D73-ADB7-3E66BCB97DDB}.Ad-Hoc|iPhoneSimulator.Deploy.0 = Debug|Any CPU
		{815C0592-564E-4D73-ADB7-3E66BCB97DDB}.Ad-Hoc|x64.ActiveCfg = Debug|Any CPU
		{815C0592-564E-4D73-ADB7-3E66BCB97DDB}.Ad-Hoc|x64.Build.0 = Debug|Any CPU
		{815C0592-564E-4D73-ADB7-3E66BCB97DDB}.Ad-Hoc|x64.Deploy.0 = Debug|Any CPU
		{815C0592-564E-4D73-ADB7-3E66BCB97DDB}.Ad-Hoc|x86.ActiveCfg = Debug|Any CPU
		{815C0592-564E-4D73-ADB7-3E66BCB97DDB}.Ad-Hoc|x86.Build.0 = Debug|Any CPU
		{815C0592-564E-4D73-ADB7-3E66BCB97DDB}.Ad-Hoc|x86.Deploy.0 = Debug|Any CPU
		{815C0592-564E-4D73-ADB7-3E66BCB97DDB}.AppStore|Any CPU.ActiveCfg = Debug|Any CPU
		{815C0592-564E-4D73-ADB7-3E66BCB97DDB}.AppStore|Any CPU.Build.0 = Debug|Any CPU
		{815C0592-564E-4D73-ADB7-3E66BCB97DDB}.AppStore|Any CPU.Deploy.0 = Debug|Any CPU
		{815C0592-564E-4D73-ADB7-3E66BCB97DDB}.AppStore|ARM.ActiveCfg = Debug|Any CPU
		{815C0592-564E-4D73-ADB7-3E66BCB97DDB}.AppStore|ARM.Build.0 = Debug|Any CPU
		{815C0592-564E-4D73-ADB7-3E66BCB97DDB}.AppStore|ARM.Deploy.0 = Debug|Any CPU
		{815C0592-564E-4D73-ADB7-3E66BCB97DDB}.AppStore|iPhone.ActiveCfg = Debug|Any CPU
		{815C0592-564E-4D73-ADB7-3E66BCB97DDB}.AppStore|iPhone.Build.0 = Debug|Any CPU
		{815C0592-564E-4D73-ADB7-3E66BCB97DDB}.AppStore|iPhone.Deploy.0 = Debug|Any CPU
		{815C0592-564E-4D73-ADB7-3E66BCB97DDB}.AppStore|iPhoneSimulator.ActiveCfg = Debug|Any CPU
		{815C0592-564E-4D73-ADB7-3E66BCB97DDB}.AppStore|iPhoneSimulator.Build.0 = Debug|Any CPU
		{815C0592-564E-4D73-ADB7-3E66BCB97DDB}.AppStore|iPhoneSimulator.Deploy.0 = Debug|Any CPU
		{815C0592-564E-4D73-ADB7-3E66BCB97DDB}.AppStore|x64.ActiveCfg = Debug|Any CPU
		{815C0592-564E-4D73-ADB7-3E66BCB97DDB}.AppStore|x64.Build.0 = Debug|Any CPU
		{815C0592-564E-4D73-ADB7-3E66BCB97DDB}.AppStore|x64.Deploy.0 = Debug|Any CPU
		{815C0592-564E-4D73-ADB7-3E66BCB97DDB}.AppStore|x86.ActiveCfg = Debug|Any CPU
		{815C0592-564E-4D73-ADB7-3E66BCB97DDB}.AppStore|x86.Build.0 = Debug|Any CPU
		{815C0592-564E-4D73-ADB7-3E66BCB97DDB}.AppStore|x86.Deploy.0 = Debug|Any CPU
		{815C0592-564E-4D73-ADB7-3E66BCB97DDB}.Debug|Any CPU.ActiveCfg = Debug|Any CPU
		{815C0592-564E-4D73-ADB7-3E66BCB97DDB}.Debug|Any CPU.Build.0 = Debug|Any CPU
		{815C0592-564E-4D73-ADB7-3E66BCB97DDB}.Debug|Any CPU.Deploy.0 = Debug|Any CPU
		{815C0592-564E-4D73-ADB7-3E66BCB97DDB}.Debug|ARM.ActiveCfg = Debug|Any CPU
		{815C0592-564E-4D73-ADB7-3E66BCB97DDB}.Debug|ARM.Build.0 = Debug|Any CPU
		{815C0592-564E-4D73-ADB7-3E66BCB97DDB}.Debug|ARM.Deploy.0 = Debug|Any CPU
		{815C0592-564E-4D73-ADB7-3E66BCB97DDB}.Debug|iPhone.ActiveCfg = Debug|Any CPU
		{815C0592-564E-4D73-ADB7-3E66BCB97DDB}.Debug|iPhone.Build.0 = Debug|Any CPU
		{815C0592-564E-4D73-ADB7-3E66BCB97DDB}.Debug|iPhone.Deploy.0 = Debug|Any CPU
		{815C0592-564E-4D73-ADB7-3E66BCB97DDB}.Debug|iPhoneSimulator.ActiveCfg = Debug|Any CPU
		{815C0592-564E-4D73-ADB7-3E66BCB97DDB}.Debug|iPhoneSimulator.Build.0 = Debug|Any CPU
		{815C0592-564E-4D73-ADB7-3E66BCB97DDB}.Debug|iPhoneSimulator.Deploy.0 = Debug|Any CPU
		{815C0592-564E-4D73-ADB7-3E66BCB97DDB}.Debug|x64.ActiveCfg = Debug|Any CPU
		{815C0592-564E-4D73-ADB7-3E66BCB97DDB}.Debug|x64.Build.0 = Debug|Any CPU
		{815C0592-564E-4D73-ADB7-3E66BCB97DDB}.Debug|x64.Deploy.0 = Debug|Any CPU
		{815C0592-564E-4D73-ADB7-3E66BCB97DDB}.Debug|x86.ActiveCfg = Debug|Any CPU
		{815C0592-564E-4D73-ADB7-3E66BCB97DDB}.Debug|x86.Build.0 = Debug|Any CPU
		{815C0592-564E-4D73-ADB7-3E66BCB97DDB}.Debug|x86.Deploy.0 = Debug|Any CPU
		{815C0592-564E-4D73-ADB7-3E66BCB97DDB}.Release|Any CPU.ActiveCfg = Release|Any CPU
		{815C0592-564E-4D73-ADB7-3E66BCB97DDB}.Release|Any CPU.Build.0 = Release|Any CPU
		{815C0592-564E-4D73-ADB7-3E66BCB97DDB}.Release|Any CPU.Deploy.0 = Release|Any CPU
		{815C0592-564E-4D73-ADB7-3E66BCB97DDB}.Release|ARM.ActiveCfg = Release|Any CPU
		{815C0592-564E-4D73-ADB7-3E66BCB97DDB}.Release|ARM.Build.0 = Release|Any CPU
		{815C0592-564E-4D73-ADB7-3E66BCB97DDB}.Release|ARM.Deploy.0 = Release|Any CPU
		{815C0592-564E-4D73-ADB7-3E66BCB97DDB}.Release|iPhone.ActiveCfg = Release|Any CPU
		{815C0592-564E-4D73-ADB7-3E66BCB97DDB}.Release|iPhone.Build.0 = Release|Any CPU
		{815C0592-564E-4D73-ADB7-3E66BCB97DDB}.Release|iPhone.Deploy.0 = Release|Any CPU
		{815C0592-564E-4D73-ADB7-3E66BCB97DDB}.Release|iPhoneSimulator.ActiveCfg = Release|Any CPU
		{815C0592-564E-4D73-ADB7-3E66BCB97DDB}.Release|iPhoneSimulator.Build.0 = Release|Any CPU
		{815C0592-564E-4D73-ADB7-3E66BCB97DDB}.Release|iPhoneSimulator.Deploy.0 = Release|Any CPU
		{815C0592-564E-4D73-ADB7-3E66BCB97DDB}.Release|x64.ActiveCfg = Release|Any CPU
		{815C0592-564E-4D73-ADB7-3E66BCB97DDB}.Release|x64.Build.0 = Release|Any CPU
		{815C0592-564E-4D73-ADB7-3E66BCB97DDB}.Release|x64.Deploy.0 = Release|Any CPU
		{815C0592-564E-4D73-ADB7-3E66BCB97DDB}.Release|x86.ActiveCfg = Release|Any CPU
		{815C0592-564E-4D73-ADB7-3E66BCB97DDB}.Release|x86.Build.0 = Release|Any CPU
		{815C0592-564E-4D73-ADB7-3E66BCB97DDB}.Release|x86.Deploy.0 = Release|Any CPU
	EndGlobalSection
	GlobalSection(SolutionProperties) = preSolution
		HideSolutionNode = FALSE
	EndGlobalSection
	GlobalSection(ExtensibilityGlobals) = postSolution
		SolutionGuid = {AC33750E-2C90-44E5-AA1C-F6C88CC3233F}
	EndGlobalSection
EndGlobal
